
Microsoft Visual Studio Solution File, Format Version 12.00
# Visual Studio Version 16
VisualStudioVersion = 16.0.31410.357
MinimumVisualStudioVersion = 10.0.40219.1
Project("{9A19103F-16F7-4668-BE54-9A1E7A4F7556}") = "SeaLevelBroadcast", "SeaLevelBroadcast.csproj", "{1644D495-4819-4806-A9CE-5E128C86CC9B}"
EndProject
Global
	GlobalSection(SolutionConfigurationPlatforms) = preSolution
		Debug|Any CPU = Debug|Any CPU
		Release|Any CPU = Release|Any CPU
	EndGlobalSection
	GlobalSection(ProjectConfigurationPlatforms) = postSolution
		{1644D495-4819-4806-A9CE-5E128C86CC9B}.Debug|Any CPU.ActiveCfg = Debug|Any CPU
		{1644D495-4819-4806-A9CE-5E128C86CC9B}.Debug|Any CPU.Build.0 = Debug|Any CPU
		{1644D495-4819-4806-A9CE-5E128C86CC9B}.Release|Any CPU.ActiveCfg = Release|Any CPU
		{1644D495-4819-4806-A9CE-5E128C86CC9B}.Release|Any CPU.Build.0 = Release|Any CPU
	EndGlobalSection
	GlobalSection(SolutionProperties) = preSolution
		HideSolutionNode = FALSE
	EndGlobalSection
	GlobalSection(ExtensibilityGlobals) = postSolution
		SolutionGuid = {5057AB7A-A14C-4868-8B85-2BF3CF04D5FB}
	EndGlobalSection
EndGlobal
